
Microsoft Visual Studio Solution File, Format Version 12.00
# Visual Studio Version 16
VisualStudioVersion = 16.0.29519.181
MinimumVisualStudioVersion = 10.0.40219.1
Project("{FAE04EC0-301F-11D3-BF4B-00C04F79EFBC}") = "Red System", "Red System\Red System.csproj", "{D95A9B29-BD5F-4FD0-B67E-274EF35C58E4}"
EndProject
Global
	GlobalSection(SolutionConfigurationPlatforms) = preSolution
		Debug|Any CPU = Debug|Any CPU
		Release|Any CPU = Release|Any CPU
	EndGlobalSection
	GlobalSection(ProjectConfigurationPlatforms) = postSolution
		{D95A9B29-BD5F-4FD0-B67E-274EF35C58E4}.Debug|Any CPU.ActiveCfg = Debug|Any CPU
		{D95A9B29-BD5F-4FD0-B67E-274EF35C58E4}.Debug|Any CPU.Build.0 = Debug|Any CPU
		{D95A9B29-BD5F-4FD0-B67E-274EF35C58E4}.Release|Any CPU.ActiveCfg = Release|Any CPU
		{D95A9B29-BD5F-4FD0-B67E-274EF35C58E4}.Release|Any CPU.Build.0 = Release|Any CPU
	EndGlobalSection
	GlobalSection(SolutionProperties) = preSolution
		HideSolutionNode = FALSE
	EndGlobalSection
	GlobalSection(ExtensibilityGlobals) = postSolution
		SolutionGuid = {FA6BCFC2-53AB-48FE-97B9-9D123E4E39C8}
	EndGlobalSection
EndGlobal
